
Microsoft Visual Studio Solution File, Format Version 12.00
# Visual Studio Version 17
VisualStudioVersion = 17.0.31808.319
MinimumVisualStudioVersion = 10.0.40219.1
Project("{FAE04EC0-301F-11D3-BF4B-00C04F79EFBC}") = "TerraMars", "TerraMars\TerraMars.csproj", "{81EC08F5-C609-4591-9EA0-A4BC2B1EAFC0}"
EndProject
Global
	GlobalSection(SolutionConfigurationPlatforms) = preSolution
		Debug|Any CPU = Debug|Any CPU
		Release|Any CPU = Release|Any CPU
	EndGlobalSection
	GlobalSection(ProjectConfigurationPlatforms) = postSolution
		{81EC08F5-C609-4591-9EA0-A4BC2B1EAFC0}.Debug|Any CPU.ActiveCfg = Debug|Any CPU
		{81EC08F5-C609-4591-9EA0-A4BC2B1EAFC0}.Debug|Any CPU.Build.0 = Debug|Any CPU
		{81EC08F5-C609-4591-9EA0-A4BC2B1EAFC0}.Release|Any CPU.ActiveCfg = Release|Any CPU
		{81EC08F5-C609-4591-9EA0-A4BC2B1EAFC0}.Release|Any CPU.Build.0 = Release|Any CPU
	EndGlobalSection
	GlobalSection(SolutionProperties) = preSolution
		HideSolutionNode = FALSE
	EndGlobalSection
	GlobalSection(ExtensibilityGlobals) = postSolution
		SolutionGuid = {D818CD14-D7C2-4FDD-AD21-A3BB11BC9470}
	EndGlobalSection
EndGlobal
